
Microsoft Visual Studio Solution File, Format Version 12.00
# Visual Studio Version 16
VisualStudioVersion = 16.0.29926.136
MinimumVisualStudioVersion = 10.0.40219.1
Project("{9A19103F-16F7-4668-BE54-9A1E7A4F7556}") = "Notification", "Notification.csproj", "{2AD953CA-2FC5-4AC6-80DC-E4AC32BF7738}"
EndProject
Project("{FAE04EC0-301F-11D3-BF4B-00C04F79EFBC}") = "Notification.Tests", "..\Notification.Tests\Notification.Tests.csproj", "{1F910A40-9A11-4B16-A856-557CEEDBADE0}"
EndProject
Global
	GlobalSection(SolutionConfigurationPlatforms) = preSolution
		Debug|Any CPU = Debug|Any CPU
		Release|Any CPU = Release|Any CPU
	EndGlobalSection
	GlobalSection(ProjectConfigurationPlatforms) = postSolution
		{2AD953CA-2FC5-4AC6-80DC-E4AC32BF7738}.Debug|Any CPU.ActiveCfg = Debug|Any CPU
		{2AD953CA-2FC5-4AC6-80DC-E4AC32BF7738}.Debug|Any CPU.Build.0 = Debug|Any CPU
		{2AD953CA-2FC5-4AC6-80DC-E4AC32BF7738}.Release|Any CPU.ActiveCfg = Release|Any CPU
		{2AD953CA-2FC5-4AC6-80DC-E4AC32BF7738}.Release|Any CPU.Build.0 = Release|Any CPU
		{1F910A40-9A11-4B16-A856-557CEEDBADE0}.Debug|Any CPU.ActiveCfg = Debug|Any CPU
		{1F910A40-9A11-4B16-A856-557CEEDBADE0}.Debug|Any CPU.Build.0 = Debug|Any CPU
		{1F910A40-9A11-4B16-A856-557CEEDBADE0}.Release|Any CPU.ActiveCfg = Release|Any CPU
		{1F910A40-9A11-4B16-A856-557CEEDBADE0}.Release|Any CPU.Build.0 = Release|Any CPU
	EndGlobalSection
	GlobalSection(SolutionProperties) = preSolution
		HideSolutionNode = FALSE
	EndGlobalSection
	GlobalSection(ExtensibilityGlobals) = postSolution
		SolutionGuid = {5839D6D2-9D1E-47A6-89DD-C12FED68B989}
	EndGlobalSection
EndGlobal
